
Microsoft Visual Studio Solution File, Format Version 12.00
# Visual Studio 2012
Project("{2150E333-8FDC-42A3-9474-1A3956D46DE8}") = "01 OperatorOverloading", "01 OperatorOverloading", "{9473AF12-79E4-4E6A-81C7-0CE040CC978B}"
EndProject
Project("{FAE04EC0-301F-11D3-BF4B-00C04F79EFBC}") = "OperatorOverloading.Model", "01 OperatorOverloading\OperatorOverloading.Model\OperatorOverloading.Model.csproj", "{23D22A39-2418-456C-875C-ED6732FA7BC4}"
EndProject
Project("{FAE04EC0-301F-11D3-BF4B-00C04F79EFBC}") = "OperatorOverloading.Host", "01 OperatorOverloading\OperatorOverloading.Host\OperatorOverloading.Host.csproj", "{8110F642-7192-4199-A35A-FAA05A5B8A5E}"
EndProject
<<<<<<< HEAD
Project("{FAE04EC0-301F-11D3-BF4B-00C04F79EFBC}") = "OperatorOverloading.dbl", "01 OperatorOverloading\OperatorOverloading.dbl\OperatorOverloading.dbl.csproj", "{F3A6C52C-D10D-4674-A640-B957686D23BB}"
EndProject
Project("{FAE04EC0-301F-11D3-BF4B-00C04F79EFBC}") = "TestCase", "TestCase\TestCase.csproj", "{7CDDA3E0-3E3B-4CEF-9F72-21EF7D6935CD}"
EndProject
=======
>>>>>>> 76ad9eeceace4bef0963169efbc89ec7ecfea4c3
Global
	GlobalSection(SolutionConfigurationPlatforms) = preSolution
		Debug|Any CPU = Debug|Any CPU
		Release|Any CPU = Release|Any CPU
	EndGlobalSection
	GlobalSection(ProjectConfigurationPlatforms) = postSolution
		{23D22A39-2418-456C-875C-ED6732FA7BC4}.Debug|Any CPU.ActiveCfg = Debug|Any CPU
		{23D22A39-2418-456C-875C-ED6732FA7BC4}.Debug|Any CPU.Build.0 = Debug|Any CPU
		{23D22A39-2418-456C-875C-ED6732FA7BC4}.Release|Any CPU.ActiveCfg = Release|Any CPU
		{23D22A39-2418-456C-875C-ED6732FA7BC4}.Release|Any CPU.Build.0 = Release|Any CPU
		{8110F642-7192-4199-A35A-FAA05A5B8A5E}.Debug|Any CPU.ActiveCfg = Debug|Any CPU
		{8110F642-7192-4199-A35A-FAA05A5B8A5E}.Debug|Any CPU.Build.0 = Debug|Any CPU
		{8110F642-7192-4199-A35A-FAA05A5B8A5E}.Release|Any CPU.ActiveCfg = Release|Any CPU
		{8110F642-7192-4199-A35A-FAA05A5B8A5E}.Release|Any CPU.Build.0 = Release|Any CPU
<<<<<<< HEAD
		{F3A6C52C-D10D-4674-A640-B957686D23BB}.Debug|Any CPU.ActiveCfg = Debug|Any CPU
		{F3A6C52C-D10D-4674-A640-B957686D23BB}.Debug|Any CPU.Build.0 = Debug|Any CPU
		{F3A6C52C-D10D-4674-A640-B957686D23BB}.Release|Any CPU.ActiveCfg = Release|Any CPU
		{F3A6C52C-D10D-4674-A640-B957686D23BB}.Release|Any CPU.Build.0 = Release|Any CPU
		{7CDDA3E0-3E3B-4CEF-9F72-21EF7D6935CD}.Debug|Any CPU.ActiveCfg = Debug|Any CPU
		{7CDDA3E0-3E3B-4CEF-9F72-21EF7D6935CD}.Debug|Any CPU.Build.0 = Debug|Any CPU
		{7CDDA3E0-3E3B-4CEF-9F72-21EF7D6935CD}.Release|Any CPU.ActiveCfg = Release|Any CPU
		{7CDDA3E0-3E3B-4CEF-9F72-21EF7D6935CD}.Release|Any CPU.Build.0 = Release|Any CPU
=======
>>>>>>> 76ad9eeceace4bef0963169efbc89ec7ecfea4c3
	EndGlobalSection
	GlobalSection(SolutionProperties) = preSolution
		HideSolutionNode = FALSE
	EndGlobalSection
EndGlobal
