
Microsoft Visual Studio Solution File, Format Version 12.00
# Visual Studio 2012
Project("{FAE04EC0-301F-11D3-BF4B-00C04F79EFBC}") = "UnitTesting.Host", "UnitTesting\UnitTesting.Host.csproj", "{CCF2B74A-8C57-40D9-8053-749C1A8F13C9}"
EndProject
Project("{FAE04EC0-301F-11D3-BF4B-00C04F79EFBC}") = "UnitTesting.TestClass", "UnitTesting.TestClass\UnitTesting.TestClass.csproj", "{C1CC66A7-3CBF-4C62-B16C-2FC7DD277D0C}"
EndProject
Global
	GlobalSection(SolutionConfigurationPlatforms) = preSolution
		Debug|Any CPU = Debug|Any CPU
		Release|Any CPU = Release|Any CPU
	EndGlobalSection
	GlobalSection(ProjectConfigurationPlatforms) = postSolution
		{CCF2B74A-8C57-40D9-8053-749C1A8F13C9}.Debug|Any CPU.ActiveCfg = Debug|Any CPU
		{CCF2B74A-8C57-40D9-8053-749C1A8F13C9}.Debug|Any CPU.Build.0 = Debug|Any CPU
		{CCF2B74A-8C57-40D9-8053-749C1A8F13C9}.Release|Any CPU.ActiveCfg = Release|Any CPU
		{CCF2B74A-8C57-40D9-8053-749C1A8F13C9}.Release|Any CPU.Build.0 = Release|Any CPU
		{C1CC66A7-3CBF-4C62-B16C-2FC7DD277D0C}.Debug|Any CPU.ActiveCfg = Debug|Any CPU
		{C1CC66A7-3CBF-4C62-B16C-2FC7DD277D0C}.Debug|Any CPU.Build.0 = Debug|Any CPU
		{C1CC66A7-3CBF-4C62-B16C-2FC7DD277D0C}.Release|Any CPU.ActiveCfg = Release|Any CPU
		{C1CC66A7-3CBF-4C62-B16C-2FC7DD277D0C}.Release|Any CPU.Build.0 = Release|Any CPU
	EndGlobalSection
	GlobalSection(SolutionProperties) = preSolution
		HideSolutionNode = FALSE
	EndGlobalSection
EndGlobal
