
Microsoft Visual Studio Solution File, Format Version 12.00
# Visual Studio 2012
Project("{FAE04EC0-301F-11D3-BF4B-00C04F79EFBC}") = "Tavisca.WCF.Calculator", "Tavisca.WCF.Calculator\Tavisca.WCF.Calculator.csproj", "{3B621473-14AA-446F-815B-5E595AA54E8C}"
EndProject
Project("{FAE04EC0-301F-11D3-BF4B-00C04F79EFBC}") = "Tavisca.Calculator.Services", "Tavisca.WCF.Calculator\Tavisca.Calculator.Services\Tavisca.Calculator.Services.csproj", "{4B039B6E-B248-4578-9F61-864970BEEA76}"
EndProject
Project("{FAE04EC0-301F-11D3-BF4B-00C04F79EFBC}") = "Tavisca.Calculator.Implementation", "Tavisca.WCF.Calculator\Tavisca.Calculator.Implementation\Tavisca.Calculator.Implementation.csproj", "{7526DFA5-1A76-4242-8F33-0443BAA15075}"
EndProject
Project("{FAE04EC0-301F-11D3-BF4B-00C04F79EFBC}") = "Tavisca.Calculator.Data.Contract", "Tavisca.WCF.Calculator\Tavisca.Calculator.Data.Contract\Tavisca.Calculator.Data.Contract.csproj", "{E606713F-F09A-423B-9D37-3A921EF43A28}"
EndProject
Global
	GlobalSection(SolutionConfigurationPlatforms) = preSolution
		Debug|Any CPU = Debug|Any CPU
		Release|Any CPU = Release|Any CPU
	EndGlobalSection
	GlobalSection(ProjectConfigurationPlatforms) = postSolution
		{3B621473-14AA-446F-815B-5E595AA54E8C}.Debug|Any CPU.ActiveCfg = Debug|Any CPU
		{3B621473-14AA-446F-815B-5E595AA54E8C}.Debug|Any CPU.Build.0 = Debug|Any CPU
		{3B621473-14AA-446F-815B-5E595AA54E8C}.Release|Any CPU.ActiveCfg = Release|Any CPU
		{3B621473-14AA-446F-815B-5E595AA54E8C}.Release|Any CPU.Build.0 = Release|Any CPU
		{4B039B6E-B248-4578-9F61-864970BEEA76}.Debug|Any CPU.ActiveCfg = Debug|Any CPU
		{4B039B6E-B248-4578-9F61-864970BEEA76}.Debug|Any CPU.Build.0 = Debug|Any CPU
		{4B039B6E-B248-4578-9F61-864970BEEA76}.Release|Any CPU.ActiveCfg = Release|Any CPU
		{4B039B6E-B248-4578-9F61-864970BEEA76}.Release|Any CPU.Build.0 = Release|Any CPU
		{7526DFA5-1A76-4242-8F33-0443BAA15075}.Debug|Any CPU.ActiveCfg = Debug|Any CPU
		{7526DFA5-1A76-4242-8F33-0443BAA15075}.Debug|Any CPU.Build.0 = Debug|Any CPU
		{7526DFA5-1A76-4242-8F33-0443BAA15075}.Release|Any CPU.ActiveCfg = Release|Any CPU
		{7526DFA5-1A76-4242-8F33-0443BAA15075}.Release|Any CPU.Build.0 = Release|Any CPU
		{E606713F-F09A-423B-9D37-3A921EF43A28}.Debug|Any CPU.ActiveCfg = Debug|Any CPU
		{E606713F-F09A-423B-9D37-3A921EF43A28}.Debug|Any CPU.Build.0 = Debug|Any CPU
		{E606713F-F09A-423B-9D37-3A921EF43A28}.Release|Any CPU.ActiveCfg = Release|Any CPU
		{E606713F-F09A-423B-9D37-3A921EF43A28}.Release|Any CPU.Build.0 = Release|Any CPU
	EndGlobalSection
	GlobalSection(SolutionProperties) = preSolution
		HideSolutionNode = FALSE
	EndGlobalSection
EndGlobal
